
Microsoft Visual Studio Solution File, Format Version 11.00
# Visual Studio 2010
Project("{FAE04EC0-301F-11D3-BF4B-00C04F79EFBC}") = "Assembly-CSharp", "Assembly-CSharp.csproj", "{EE04A426-EE64-E226-7F65-3C6CB9FF34A0}"
EndProject
Project("{FAE04EC0-301F-11D3-BF4B-00C04F79EFBC}") = "Assembly-CSharp-Editor", "Assembly-CSharp-Editor.csproj", "{74109D84-3AEB-B9D9-C592-D8FE006F360F}"
EndProject
Global
	GlobalSection(SolutionConfigurationPlatforms) = preSolution
		Debug|Any CPU = Debug|Any CPU
		Release|Any CPU = Release|Any CPU
	EndGlobalSection
	GlobalSection(ProjectConfigurationPlatforms) = postSolution
		{EE04A426-EE64-E226-7F65-3C6CB9FF34A0}.Debug|Any CPU.ActiveCfg = Debug|Any CPU
		{EE04A426-EE64-E226-7F65-3C6CB9FF34A0}.Debug|Any CPU.Build.0 = Debug|Any CPU
		{EE04A426-EE64-E226-7F65-3C6CB9FF34A0}.Release|Any CPU.ActiveCfg = Release|Any CPU
		{EE04A426-EE64-E226-7F65-3C6CB9FF34A0}.Release|Any CPU.Build.0 = Release|Any CPU
		{74109D84-3AEB-B9D9-C592-D8FE006F360F}.Debug|Any CPU.ActiveCfg = Debug|Any CPU
		{74109D84-3AEB-B9D9-C592-D8FE006F360F}.Debug|Any CPU.Build.0 = Debug|Any CPU
		{74109D84-3AEB-B9D9-C592-D8FE006F360F}.Release|Any CPU.ActiveCfg = Release|Any CPU
		{74109D84-3AEB-B9D9-C592-D8FE006F360F}.Release|Any CPU.Build.0 = Release|Any CPU
	EndGlobalSection
	GlobalSection(SolutionProperties) = preSolution
		HideSolutionNode = FALSE
	EndGlobalSection
EndGlobal
